
Microsoft Visual Studio Solution File, Format Version 12.00
# Visual Studio 2012
Project("{8BC9CEB8-8B4A-11D0-8D11-00A0C91BC942}") = "HashList", "HashList\HashList.vcxproj", "{410B0944-04C9-4EB5-A45E-96C7C716CE0D}"
EndProject
Global
	GlobalSection(SolutionConfigurationPlatforms) = preSolution
		Debug|Win32 = Debug|Win32
		Release|Win32 = Release|Win32
	EndGlobalSection
	GlobalSection(ProjectConfigurationPlatforms) = postSolution
		{410B0944-04C9-4EB5-A45E-96C7C716CE0D}.Debug|Win32.ActiveCfg = Debug|Win32
		{410B0944-04C9-4EB5-A45E-96C7C716CE0D}.Debug|Win32.Build.0 = Debug|Win32
		{410B0944-04C9-4EB5-A45E-96C7C716CE0D}.Release|Win32.ActiveCfg = Release|Win32
		{410B0944-04C9-4EB5-A45E-96C7C716CE0D}.Release|Win32.Build.0 = Release|Win32
	EndGlobalSection
	GlobalSection(SolutionProperties) = preSolution
		HideSolutionNode = FALSE
	EndGlobalSection
EndGlobal
