
Microsoft Visual Studio Solution File, Format Version 12.00
# Visual Studio 2012
Project("{8BC9CEB8-8B4A-11D0-8D11-00A0C91BC942}") = "DEMO_03_14", "DEMO_03_14\DEMO_03_14.vcxproj", "{442F39D1-40C0-4018-885B-D64A958BB38D}"
EndProject
Global
	GlobalSection(SolutionConfigurationPlatforms) = preSolution
		Debug|Win32 = Debug|Win32
		Release|Win32 = Release|Win32
	EndGlobalSection
	GlobalSection(ProjectConfigurationPlatforms) = postSolution
		{442F39D1-40C0-4018-885B-D64A958BB38D}.Debug|Win32.ActiveCfg = Debug|Win32
		{442F39D1-40C0-4018-885B-D64A958BB38D}.Debug|Win32.Build.0 = Debug|Win32
		{442F39D1-40C0-4018-885B-D64A958BB38D}.Release|Win32.ActiveCfg = Release|Win32
		{442F39D1-40C0-4018-885B-D64A958BB38D}.Release|Win32.Build.0 = Release|Win32
	EndGlobalSection
	GlobalSection(SolutionProperties) = preSolution
		HideSolutionNode = FALSE
	EndGlobalSection
EndGlobal
