
Microsoft Visual Studio Solution File, Format Version 12.00
# Visual Studio 2012
Project("{8BC9CEB8-8B4A-11D0-8D11-00A0C91BC942}") = "LuaSrc", "LuaSrc\LuaSrc.vcxproj", "{18A498A0-50E2-427B-B851-E183C8B2FADB}"
EndProject
Global
	GlobalSection(SolutionConfigurationPlatforms) = preSolution
		Debug|Win32 = Debug|Win32
		Release|Win32 = Release|Win32
	EndGlobalSection
	GlobalSection(ProjectConfigurationPlatforms) = postSolution
		{18A498A0-50E2-427B-B851-E183C8B2FADB}.Debug|Win32.ActiveCfg = Debug|Win32
		{18A498A0-50E2-427B-B851-E183C8B2FADB}.Debug|Win32.Build.0 = Debug|Win32
		{18A498A0-50E2-427B-B851-E183C8B2FADB}.Release|Win32.ActiveCfg = Release|Win32
		{18A498A0-50E2-427B-B851-E183C8B2FADB}.Release|Win32.Build.0 = Release|Win32
	EndGlobalSection
	GlobalSection(SolutionProperties) = preSolution
		HideSolutionNode = FALSE
	EndGlobalSection
EndGlobal
